
Microsoft Visual Studio Solution File, Format Version 12.00
# Visual Studio Version 16
VisualStudioVersion = 16.0.30517.126
MinimumVisualStudioVersion = 10.0.40219.1
Project("{2150E333-8FDC-42A3-9474-1A3956D46DE8}") = "API", "API", "{4F4FF4B1-4DF6-49A5-904F-B7DF0570EF64}"
EndProject
Project("{FAE04EC0-301F-11D3-BF4B-00C04F79EFBC}") = "DanskeBank.API", "API\DanskeBank.API\DanskeBank.API.csproj", "{D4873A3E-B240-4EF0-8D88-C99CF9DF1F59}"
EndProject
Project("{2150E333-8FDC-42A3-9474-1A3956D46DE8}") = "Domain", "Domain", "{32547BC7-6950-446F-A26B-D012291D488F}"
EndProject
Project("{FAE04EC0-301F-11D3-BF4B-00C04F79EFBC}") = "DanskeBank.Domain", "Domain\DanskeBank.Domain\DanskeBank.Domain.csproj", "{22C2943B-D2EE-489B-B6B0-0175461DD161}"
EndProject
Project("{2150E333-8FDC-42A3-9474-1A3956D46DE8}") = "Core", "Core", "{4615A5BC-309D-452F-BFD8-4A908CD61064}"
EndProject
Project("{FAE04EC0-301F-11D3-BF4B-00C04F79EFBC}") = "DanskeBank.Domain.Core", "Domain\Core\DanskeBank.Domain.Core\DanskeBank.Domain.Core.csproj", "{E206FA24-A489-45A1-81B9-FBEB3C60C3A8}"
EndProject
Project("{2150E333-8FDC-42A3-9474-1A3956D46DE8}") = "Infrastructure", "Infrastructure", "{AD3893F2-AE3C-4988-86A4-0B46D4247749}"
EndProject
Project("{2150E333-8FDC-42A3-9474-1A3956D46DE8}") = "Constants", "Constants", "{B089A2BF-1AC8-48D2-B17A-082A0B9678BC}"
EndProject
Project("{FAE04EC0-301F-11D3-BF4B-00C04F79EFBC}") = "DanskeBank.Constants", "Infrastructure\Constants\DanskeBank.Constants\DanskeBank.Constants.csproj", "{555347A4-8AF6-4F73-9F89-29CFCB77CFBE}"
EndProject
Project("{2150E333-8FDC-42A3-9474-1A3956D46DE8}") = "Transversal", "Transversal", "{F0EB3E69-786E-411C-BFB3-9A1129E657FE}"
EndProject
Project("{2150E333-8FDC-42A3-9474-1A3956D46DE8}") = "Mapper", "Mapper", "{4931D417-3E19-4B73-BAFE-50404099F7C8}"
EndProject
Project("{FAE04EC0-301F-11D3-BF4B-00C04F79EFBC}") = "DanskeBank.Mapper", "Infrastructure\Transversal\Mapper\DanskeBank.Mapper\DanskeBank.Mapper.csproj", "{9D3187EA-154B-4EF9-88C1-BE8028EF1E22}"
EndProject
Project("{FAE04EC0-301F-11D3-BF4B-00C04F79EFBC}") = "DanskeBank.Mapper.Mapster", "Infrastructure\Transversal\Mapper\DanskeBank.Mapper.Mapster\DanskeBank.Mapper.Mapster.csproj", "{501E5FAE-2E04-4497-ACE9-A01FFB44892D}"
EndProject
Project("{2150E333-8FDC-42A3-9474-1A3956D46DE8}") = "Application", "Application", "{BAE62759-4D6E-4010-BA3E-7B39DF53FF6B}"
EndProject
Project("{2150E333-8FDC-42A3-9474-1A3956D46DE8}") = "Contract", "Contract", "{47B0F8D9-88D4-4531-89FD-2F8A53885141}"
EndProject
Project("{FAE04EC0-301F-11D3-BF4B-00C04F79EFBC}") = "DanskeBank.Application.Contract", "Application\Contract\DanskeBank.Application.Contract\DanskeBank.Application.Contract.csproj", "{589E5F40-C790-400C-BEDD-A0F5D3AA1388}"
EndProject
Project("{2150E333-8FDC-42A3-9474-1A3956D46DE8}") = "Persistance", "Persistance", "{AE0F57EA-D4A6-4037-9BC5-DD9BCD8FC03D}"
EndProject
Project("{FAE04EC0-301F-11D3-BF4B-00C04F79EFBC}") = "DanskeBank.Infrastructure.EntityFramework.Core", "Infrastructure\Transversal\Persistance\DanskeBank.Infrastructure.EntityFramework.Core\DanskeBank.Infrastructure.EntityFramework.Core.csproj", "{787969E8-E66E-49E5-B7BE-79A7E0252AD0}"
EndProject
Project("{2150E333-8FDC-42A3-9474-1A3956D46DE8}") = "UnitOfWork", "UnitOfWork", "{FB5B9BD4-18FF-4633-A1E0-AFE3EA757B50}"
EndProject
Project("{FAE04EC0-301F-11D3-BF4B-00C04F79EFBC}") = "DanskeBank.UnitOfWork", "UnitOfWork\DanskeBank.UnitOfWork\DanskeBank.UnitOfWork.csproj", "{E05B6331-BE47-47F8-B561-947362AB75BF}"
EndProject
Project("{FAE04EC0-301F-11D3-BF4B-00C04F79EFBC}") = "DanskeBank.Application", "Application\DanskeBank.Application\DanskeBank.Application.csproj", "{1AF10766-2769-413C-BF93-AA083FC9CD07}"
EndProject
Project("{FAE04EC0-301F-11D3-BF4B-00C04F79EFBC}") = "DanskeBank.Application.Core", "Application\DanskeBank.Application.Core\DanskeBank.Application.Core.csproj", "{37E8A0CF-9167-4262-BD7B-7BF22FCBBAC6}"
EndProject
Project("{FAE04EC0-301F-11D3-BF4B-00C04F79EFBC}") = "DanskeBank.API.Core", "API\DanskeBank.API.Core\DanskeBank.API.Core.csproj", "{36A7FE3A-EEDE-43F9-BBF0-DBBCB0C047C6}"
EndProject
Project("{E53339B2-1760-4266-BCC7-CA923CBCF16C}") = "docker-compose", "docker-compose.dcproj", "{EFDAD443-B3B2-495B-A4D4-C322D7A13D0B}"
EndProject
Global
	GlobalSection(SolutionConfigurationPlatforms) = preSolution
		Debug|Any CPU = Debug|Any CPU
		Release|Any CPU = Release|Any CPU
	EndGlobalSection
	GlobalSection(ProjectConfigurationPlatforms) = postSolution
		{D4873A3E-B240-4EF0-8D88-C99CF9DF1F59}.Debug|Any CPU.ActiveCfg = Debug|Any CPU
		{D4873A3E-B240-4EF0-8D88-C99CF9DF1F59}.Debug|Any CPU.Build.0 = Debug|Any CPU
		{D4873A3E-B240-4EF0-8D88-C99CF9DF1F59}.Release|Any CPU.ActiveCfg = Release|Any CPU
		{D4873A3E-B240-4EF0-8D88-C99CF9DF1F59}.Release|Any CPU.Build.0 = Release|Any CPU
		{22C2943B-D2EE-489B-B6B0-0175461DD161}.Debug|Any CPU.ActiveCfg = Debug|Any CPU
		{22C2943B-D2EE-489B-B6B0-0175461DD161}.Debug|Any CPU.Build.0 = Debug|Any CPU
		{22C2943B-D2EE-489B-B6B0-0175461DD161}.Release|Any CPU.ActiveCfg = Release|Any CPU
		{22C2943B-D2EE-489B-B6B0-0175461DD161}.Release|Any CPU.Build.0 = Release|Any CPU
		{E206FA24-A489-45A1-81B9-FBEB3C60C3A8}.Debug|Any CPU.ActiveCfg = Debug|Any CPU
		{E206FA24-A489-45A1-81B9-FBEB3C60C3A8}.Debug|Any CPU.Build.0 = Debug|Any CPU
		{E206FA24-A489-45A1-81B9-FBEB3C60C3A8}.Release|Any CPU.ActiveCfg = Release|Any CPU
		{E206FA24-A489-45A1-81B9-FBEB3C60C3A8}.Release|Any CPU.Build.0 = Release|Any CPU
		{555347A4-8AF6-4F73-9F89-29CFCB77CFBE}.Debug|Any CPU.ActiveCfg = Debug|Any CPU
		{555347A4-8AF6-4F73-9F89-29CFCB77CFBE}.Debug|Any CPU.Build.0 = Debug|Any CPU
		{555347A4-8AF6-4F73-9F89-29CFCB77CFBE}.Release|Any CPU.ActiveCfg = Release|Any CPU
		{555347A4-8AF6-4F73-9F89-29CFCB77CFBE}.Release|Any CPU.Build.0 = Release|Any CPU
		{9D3187EA-154B-4EF9-88C1-BE8028EF1E22}.Debug|Any CPU.ActiveCfg = Debug|Any CPU
		{9D3187EA-154B-4EF9-88C1-BE8028EF1E22}.Debug|Any CPU.Build.0 = Debug|Any CPU
		{9D3187EA-154B-4EF9-88C1-BE8028EF1E22}.Release|Any CPU.ActiveCfg = Release|Any CPU
		{9D3187EA-154B-4EF9-88C1-BE8028EF1E22}.Release|Any CPU.Build.0 = Release|Any CPU
		{501E5FAE-2E04-4497-ACE9-A01FFB44892D}.Debug|Any CPU.ActiveCfg = Debug|Any CPU
		{501E5FAE-2E04-4497-ACE9-A01FFB44892D}.Debug|Any CPU.Build.0 = Debug|Any CPU
		{501E5FAE-2E04-4497-ACE9-A01FFB44892D}.Release|Any CPU.ActiveCfg = Release|Any CPU
		{501E5FAE-2E04-4497-ACE9-A01FFB44892D}.Release|Any CPU.Build.0 = Release|Any CPU
		{589E5F40-C790-400C-BEDD-A0F5D3AA1388}.Debug|Any CPU.ActiveCfg = Debug|Any CPU
		{589E5F40-C790-400C-BEDD-A0F5D3AA1388}.Debug|Any CPU.Build.0 = Debug|Any CPU
		{589E5F40-C790-400C-BEDD-A0F5D3AA1388}.Release|Any CPU.ActiveCfg = Release|Any CPU
		{589E5F40-C790-400C-BEDD-A0F5D3AA1388}.Release|Any CPU.Build.0 = Release|Any CPU
		{787969E8-E66E-49E5-B7BE-79A7E0252AD0}.Debug|Any CPU.ActiveCfg = Debug|Any CPU
		{787969E8-E66E-49E5-B7BE-79A7E0252AD0}.Debug|Any CPU.Build.0 = Debug|Any CPU
		{787969E8-E66E-49E5-B7BE-79A7E0252AD0}.Release|Any CPU.ActiveCfg = Release|Any CPU
		{787969E8-E66E-49E5-B7BE-79A7E0252AD0}.Release|Any CPU.Build.0 = Release|Any CPU
		{E05B6331-BE47-47F8-B561-947362AB75BF}.Debug|Any CPU.ActiveCfg = Debug|Any CPU
		{E05B6331-BE47-47F8-B561-947362AB75BF}.Debug|Any CPU.Build.0 = Debug|Any CPU
		{E05B6331-BE47-47F8-B561-947362AB75BF}.Release|Any CPU.ActiveCfg = Release|Any CPU
		{E05B6331-BE47-47F8-B561-947362AB75BF}.Release|Any CPU.Build.0 = Release|Any CPU
		{1AF10766-2769-413C-BF93-AA083FC9CD07}.Debug|Any CPU.ActiveCfg = Debug|Any CPU
		{1AF10766-2769-413C-BF93-AA083FC9CD07}.Debug|Any CPU.Build.0 = Debug|Any CPU
		{1AF10766-2769-413C-BF93-AA083FC9CD07}.Release|Any CPU.ActiveCfg = Release|Any CPU
		{1AF10766-2769-413C-BF93-AA083FC9CD07}.Release|Any CPU.Build.0 = Release|Any CPU
		{37E8A0CF-9167-4262-BD7B-7BF22FCBBAC6}.Debug|Any CPU.ActiveCfg = Debug|Any CPU
		{37E8A0CF-9167-4262-BD7B-7BF22FCBBAC6}.Debug|Any CPU.Build.0 = Debug|Any CPU
		{37E8A0CF-9167-4262-BD7B-7BF22FCBBAC6}.Release|Any CPU.ActiveCfg = Release|Any CPU
		{37E8A0CF-9167-4262-BD7B-7BF22FCBBAC6}.Release|Any CPU.Build.0 = Release|Any CPU
		{36A7FE3A-EEDE-43F9-BBF0-DBBCB0C047C6}.Debug|Any CPU.ActiveCfg = Debug|Any CPU
		{36A7FE3A-EEDE-43F9-BBF0-DBBCB0C047C6}.Debug|Any CPU.Build.0 = Debug|Any CPU
		{36A7FE3A-EEDE-43F9-BBF0-DBBCB0C047C6}.Release|Any CPU.ActiveCfg = Release|Any CPU
		{36A7FE3A-EEDE-43F9-BBF0-DBBCB0C047C6}.Release|Any CPU.Build.0 = Release|Any CPU
		{EFDAD443-B3B2-495B-A4D4-C322D7A13D0B}.Debug|Any CPU.ActiveCfg = Debug|Any CPU
		{EFDAD443-B3B2-495B-A4D4-C322D7A13D0B}.Debug|Any CPU.Build.0 = Debug|Any CPU
		{EFDAD443-B3B2-495B-A4D4-C322D7A13D0B}.Release|Any CPU.ActiveCfg = Release|Any CPU
		{EFDAD443-B3B2-495B-A4D4-C322D7A13D0B}.Release|Any CPU.Build.0 = Release|Any CPU
	EndGlobalSection
	GlobalSection(SolutionProperties) = preSolution
		HideSolutionNode = FALSE
	EndGlobalSection
	GlobalSection(NestedProjects) = preSolution
		{D4873A3E-B240-4EF0-8D88-C99CF9DF1F59} = {4F4FF4B1-4DF6-49A5-904F-B7DF0570EF64}
		{22C2943B-D2EE-489B-B6B0-0175461DD161} = {32547BC7-6950-446F-A26B-D012291D488F}
		{4615A5BC-309D-452F-BFD8-4A908CD61064} = {32547BC7-6950-446F-A26B-D012291D488F}
		{E206FA24-A489-45A1-81B9-FBEB3C60C3A8} = {4615A5BC-309D-452F-BFD8-4A908CD61064}
		{B089A2BF-1AC8-48D2-B17A-082A0B9678BC} = {AD3893F2-AE3C-4988-86A4-0B46D4247749}
		{555347A4-8AF6-4F73-9F89-29CFCB77CFBE} = {B089A2BF-1AC8-48D2-B17A-082A0B9678BC}
		{F0EB3E69-786E-411C-BFB3-9A1129E657FE} = {AD3893F2-AE3C-4988-86A4-0B46D4247749}
		{4931D417-3E19-4B73-BAFE-50404099F7C8} = {F0EB3E69-786E-411C-BFB3-9A1129E657FE}
		{9D3187EA-154B-4EF9-88C1-BE8028EF1E22} = {4931D417-3E19-4B73-BAFE-50404099F7C8}
		{501E5FAE-2E04-4497-ACE9-A01FFB44892D} = {4931D417-3E19-4B73-BAFE-50404099F7C8}
		{47B0F8D9-88D4-4531-89FD-2F8A53885141} = {BAE62759-4D6E-4010-BA3E-7B39DF53FF6B}
		{589E5F40-C790-400C-BEDD-A0F5D3AA1388} = {47B0F8D9-88D4-4531-89FD-2F8A53885141}
		{AE0F57EA-D4A6-4037-9BC5-DD9BCD8FC03D} = {F0EB3E69-786E-411C-BFB3-9A1129E657FE}
		{787969E8-E66E-49E5-B7BE-79A7E0252AD0} = {AE0F57EA-D4A6-4037-9BC5-DD9BCD8FC03D}
		{FB5B9BD4-18FF-4633-A1E0-AFE3EA757B50} = {F0EB3E69-786E-411C-BFB3-9A1129E657FE}
		{E05B6331-BE47-47F8-B561-947362AB75BF} = {FB5B9BD4-18FF-4633-A1E0-AFE3EA757B50}
		{1AF10766-2769-413C-BF93-AA083FC9CD07} = {BAE62759-4D6E-4010-BA3E-7B39DF53FF6B}
		{37E8A0CF-9167-4262-BD7B-7BF22FCBBAC6} = {BAE62759-4D6E-4010-BA3E-7B39DF53FF6B}
		{36A7FE3A-EEDE-43F9-BBF0-DBBCB0C047C6} = {4F4FF4B1-4DF6-49A5-904F-B7DF0570EF64}
	EndGlobalSection
	GlobalSection(ExtensibilityGlobals) = postSolution
		SolutionGuid = {9D50F8E0-FF9E-4DB3-BD9D-F02C5F08D401}
	EndGlobalSection
EndGlobal
